{
  "pins" : [
    {
      "identity" : "kmmbridgesamplekotlin",
      "kind" : "remoteSourceControl",
      "location" : "https://github.com/touchlab/KMMBridgeSampleKotlin.git",
      "state" : {
        "revision" : "98231c18628317817ee513a5d15ec3cc0987c0e6",
        "version" : "0.5.0"
      }
    }
  ],
  "version" : 2
}
