{
  "pins" : [
    {
      "identity" : "kmmbridgesamplekotlin",
      "kind" : "remoteSourceControl",
      "location" : "https://github.com/touchlab/KMMBridgeSampleKotlin.git",
      "state" : {
        "revision" : "4a382eef82212129612dbe1e61961d2e001c3f52",
        "version" : "0.8.4"
      }
    }
  ],
  "version" : 2
}
